
Microsoft Visual Studio Solution File, Format Version 12.00
# Visual Studio 15
VisualStudioVersion = 15.0.28307.645
MinimumVisualStudioVersion = 10.0.40219.1
Project("{FAE04EC0-301F-11D3-BF4B-00C04F79EFBC}") = "TrainSchedule", "TrainSchedule\TrainSchedule.csproj", "{4FCAF503-578B-41B7-B998-2C15A4BC4D89}"
EndProject
Global
	GlobalSection(SolutionConfigurationPlatforms) = preSolution
		Debug|Any CPU = Debug|Any CPU
		Release|Any CPU = Release|Any CPU
	EndGlobalSection
	GlobalSection(ProjectConfigurationPlatforms) = postSolution
		{4FCAF503-578B-41B7-B998-2C15A4BC4D89}.Debug|Any CPU.ActiveCfg = Debug|Any CPU
		{4FCAF503-578B-41B7-B998-2C15A4BC4D89}.Debug|Any CPU.Build.0 = Debug|Any CPU
		{4FCAF503-578B-41B7-B998-2C15A4BC4D89}.Release|Any CPU.ActiveCfg = Release|Any CPU
		{4FCAF503-578B-41B7-B998-2C15A4BC4D89}.Release|Any CPU.Build.0 = Release|Any CPU
	EndGlobalSection
	GlobalSection(SolutionProperties) = preSolution
		HideSolutionNode = FALSE
	EndGlobalSection
	GlobalSection(ExtensibilityGlobals) = postSolution
		SolutionGuid = {38E0307E-BAA5-4CD2-AF1E-71D521557E15}
	EndGlobalSection
EndGlobal
